
Microsoft Visual Studio Solution File, Format Version 12.00
# Visual Studio 15
VisualStudioVersion = 15.0.28307.168
MinimumVisualStudioVersion = 10.0.40219.1
Project("{FAE04EC0-301F-11D3-BF4B-00C04F79EFBC}") = "WebApiDotNetCoreWithoutDocker", "WebApiDotNetCoreWithoutDocker\WebApiDotNetCoreWithoutDocker.csproj", "{27BEABC6-7E11-4137-8D0E-09C5FA4BB6DA}"
EndProject
Global
	GlobalSection(SolutionConfigurationPlatforms) = preSolution
		Debug|Any CPU = Debug|Any CPU
		Release|Any CPU = Release|Any CPU
	EndGlobalSection
	GlobalSection(ProjectConfigurationPlatforms) = postSolution
		{27BEABC6-7E11-4137-8D0E-09C5FA4BB6DA}.Debug|Any CPU.ActiveCfg = Debug|Any CPU
		{27BEABC6-7E11-4137-8D0E-09C5FA4BB6DA}.Debug|Any CPU.Build.0 = Debug|Any CPU
		{27BEABC6-7E11-4137-8D0E-09C5FA4BB6DA}.Release|Any CPU.ActiveCfg = Release|Any CPU
		{27BEABC6-7E11-4137-8D0E-09C5FA4BB6DA}.Release|Any CPU.Build.0 = Release|Any CPU
	EndGlobalSection
	GlobalSection(SolutionProperties) = preSolution
		HideSolutionNode = FALSE
	EndGlobalSection
	GlobalSection(ExtensibilityGlobals) = postSolution
		SolutionGuid = {637F8BA8-0048-43DE-BF14-83E3137BBC7C}
	EndGlobalSection
EndGlobal
